
Microsoft Visual Studio Solution File, Format Version 12.00
# Visual Studio Version 16
VisualStudioVersion = 16.0.30413.136
MinimumVisualStudioVersion = 10.0.40219.1
Project("{FAE04EC0-301F-11D3-BF4B-00C04F79EFBC}") = "Hola_Mundo.Android", "Hola_Mundo.Android\Hola_Mundo.Android.csproj", "{EE9EBFFA-C549-4647-9D02-FB6F3F1E17B7}"
EndProject
Project("{FAE04EC0-301F-11D3-BF4B-00C04F79EFBC}") = "Hola_Mundo.iOS", "Hola_Mundo.iOS\Hola_Mundo.iOS.csproj", "{5B3E2104-001E-450C-9354-ACCFA250CA44}"
EndProject
Project("{FAE04EC0-301F-11D3-BF4B-00C04F79EFBC}") = "Hola_Mundo", "Hola_Mundo\Hola_Mundo.csproj", "{9462B073-56F3-4DF8-8439-18C122FED648}"
EndProject
Global
	GlobalSection(SolutionConfigurationPlatforms) = preSolution
		Debug|Any CPU = Debug|Any CPU
		Debug|iPhone = Debug|iPhone
		Debug|iPhoneSimulator = Debug|iPhoneSimulator
		Release|Any CPU = Release|Any CPU
		Release|iPhone = Release|iPhone
		Release|iPhoneSimulator = Release|iPhoneSimulator
	EndGlobalSection
	GlobalSection(ProjectConfigurationPlatforms) = postSolution
		{EE9EBFFA-C549-4647-9D02-FB6F3F1E17B7}.Debug|Any CPU.ActiveCfg = Debug|Any CPU
		{EE9EBFFA-C549-4647-9D02-FB6F3F1E17B7}.Debug|Any CPU.Build.0 = Debug|Any CPU
		{EE9EBFFA-C549-4647-9D02-FB6F3F1E17B7}.Debug|Any CPU.Deploy.0 = Debug|Any CPU
		{EE9EBFFA-C549-4647-9D02-FB6F3F1E17B7}.Debug|iPhone.ActiveCfg = Debug|Any CPU
		{EE9EBFFA-C549-4647-9D02-FB6F3F1E17B7}.Debug|iPhone.Build.0 = Debug|Any CPU
		{EE9EBFFA-C549-4647-9D02-FB6F3F1E17B7}.Debug|iPhone.Deploy.0 = Debug|Any CPU
		{EE9EBFFA-C549-4647-9D02-FB6F3F1E17B7}.Debug|iPhoneSimulator.ActiveCfg = Debug|Any CPU
		{EE9EBFFA-C549-4647-9D02-FB6F3F1E17B7}.Debug|iPhoneSimulator.Build.0 = Debug|Any CPU
		{EE9EBFFA-C549-4647-9D02-FB6F3F1E17B7}.Debug|iPhoneSimulator.Deploy.0 = Debug|Any CPU
		{EE9EBFFA-C549-4647-9D02-FB6F3F1E17B7}.Release|Any CPU.ActiveCfg = Release|Any CPU
		{EE9EBFFA-C549-4647-9D02-FB6F3F1E17B7}.Release|Any CPU.Build.0 = Release|Any CPU
		{EE9EBFFA-C549-4647-9D02-FB6F3F1E17B7}.Release|Any CPU.Deploy.0 = Release|Any CPU
		{EE9EBFFA-C549-4647-9D02-FB6F3F1E17B7}.Release|iPhone.ActiveCfg = Release|Any CPU
		{EE9EBFFA-C549-4647-9D02-FB6F3F1E17B7}.Release|iPhone.Build.0 = Release|Any CPU
		{EE9EBFFA-C549-4647-9D02-FB6F3F1E17B7}.Release|iPhone.Deploy.0 = Release|Any CPU
		{EE9EBFFA-C549-4647-9D02-FB6F3F1E17B7}.Release|iPhoneSimulator.ActiveCfg = Release|Any CPU
		{EE9EBFFA-C549-4647-9D02-FB6F3F1E17B7}.Release|iPhoneSimulator.Build.0 = Release|Any CPU
		{EE9EBFFA-C549-4647-9D02-FB6F3F1E17B7}.Release|iPhoneSimulator.Deploy.0 = Release|Any CPU
		{5B3E2104-001E-450C-9354-ACCFA250CA44}.Debug|Any CPU.ActiveCfg = Debug|iPhone
		{5B3E2104-001E-450C-9354-ACCFA250CA44}.Debug|Any CPU.Build.0 = Debug|iPhone
		{5B3E2104-001E-450C-9354-ACCFA250CA44}.Debug|Any CPU.Deploy.0 = Debug|iPhone
		{5B3E2104-001E-450C-9354-ACCFA250CA44}.Debug|iPhone.ActiveCfg = Debug|iPhone
		{5B3E2104-001E-450C-9354-ACCFA250CA44}.Debug|iPhone.Build.0 = Debug|iPhone
		{5B3E2104-001E-450C-9354-ACCFA250CA44}.Debug|iPhone.Deploy.0 = Debug|iPhone
		{5B3E2104-001E-450C-9354-ACCFA250CA44}.Debug|iPhoneSimulator.ActiveCfg = Debug|iPhoneSimulator
		{5B3E2104-001E-450C-9354-ACCFA250CA44}.Debug|iPhoneSimulator.Build.0 = Debug|iPhoneSimulator
		{5B3E2104-001E-450C-9354-ACCFA250CA44}.Debug|iPhoneSimulator.Deploy.0 = Debug|iPhoneSimulator
		{5B3E2104-001E-450C-9354-ACCFA250CA44}.Release|Any CPU.ActiveCfg = Release|iPhone
		{5B3E2104-001E-450C-9354-ACCFA250CA44}.Release|Any CPU.Build.0 = Release|iPhone
		{5B3E2104-001E-450C-9354-ACCFA250CA44}.Release|Any CPU.Deploy.0 = Release|iPhone
		{5B3E2104-001E-450C-9354-ACCFA250CA44}.Release|iPhone.ActiveCfg = Release|iPhone
		{5B3E2104-001E-450C-9354-ACCFA250CA44}.Release|iPhone.Build.0 = Release|iPhone
		{5B3E2104-001E-450C-9354-ACCFA250CA44}.Release|iPhone.Deploy.0 = Release|iPhone
		{5B3E2104-001E-450C-9354-ACCFA250CA44}.Release|iPhoneSimulator.ActiveCfg = Release|iPhoneSimulator
		{5B3E2104-001E-450C-9354-ACCFA250CA44}.Release|iPhoneSimulator.Build.0 = Release|iPhoneSimulator
		{5B3E2104-001E-450C-9354-ACCFA250CA44}.Release|iPhoneSimulator.Deploy.0 = Release|iPhoneSimulator
		{9462B073-56F3-4DF8-8439-18C122FED648}.Debug|Any CPU.ActiveCfg = Debug|Any CPU
		{9462B073-56F3-4DF8-8439-18C122FED648}.Debug|Any CPU.Build.0 = Debug|Any CPU
		{9462B073-56F3-4DF8-8439-18C122FED648}.Debug|Any CPU.Deploy.0 = Debug|Any CPU
		{9462B073-56F3-4DF8-8439-18C122FED648}.Debug|iPhone.ActiveCfg = Debug|Any CPU
		{9462B073-56F3-4DF8-8439-18C122FED648}.Debug|iPhone.Build.0 = Debug|Any CPU
		{9462B073-56F3-4DF8-8439-18C122FED648}.Debug|iPhone.Deploy.0 = Debug|Any CPU
		{9462B073-56F3-4DF8-8439-18C122FED648}.Debug|iPhoneSimulator.ActiveCfg = Debug|Any CPU
		{9462B073-56F3-4DF8-8439-18C122FED648}.Debug|iPhoneSimulator.Build.0 = Debug|Any CPU
		{9462B073-56F3-4DF8-8439-18C122FED648}.Debug|iPhoneSimulator.Deploy.0 = Debug|Any CPU
		{9462B073-56F3-4DF8-8439-18C122FED648}.Release|Any CPU.ActiveCfg = Release|Any CPU
		{9462B073-56F3-4DF8-8439-18C122FED648}.Release|Any CPU.Build.0 = Release|Any CPU
		{9462B073-56F3-4DF8-8439-18C122FED648}.Release|Any CPU.Deploy.0 = Release|Any CPU
		{9462B073-56F3-4DF8-8439-18C122FED648}.Release|iPhone.ActiveCfg = Release|Any CPU
		{9462B073-56F3-4DF8-8439-18C122FED648}.Release|iPhone.Build.0 = Release|Any CPU
		{9462B073-56F3-4DF8-8439-18C122FED648}.Release|iPhone.Deploy.0 = Release|Any CPU
		{9462B073-56F3-4DF8-8439-18C122FED648}.Release|iPhoneSimulator.ActiveCfg = Release|Any CPU
		{9462B073-56F3-4DF8-8439-18C122FED648}.Release|iPhoneSimulator.Build.0 = Release|Any CPU
		{9462B073-56F3-4DF8-8439-18C122FED648}.Release|iPhoneSimulator.Deploy.0 = Release|Any CPU
	EndGlobalSection
	GlobalSection(SolutionProperties) = preSolution
		HideSolutionNode = FALSE
	EndGlobalSection
	GlobalSection(ExtensibilityGlobals) = postSolution
		SolutionGuid = {B87B02BC-DE6A-4A2C-B7E7-D6A6E52518F5}
	EndGlobalSection
EndGlobal
